<Solution>
  <Project Path="SolveTask2/SolveTask2.csproj" Id="897b439f-b171-4780-9ca3-3733c5e16bf2" />
  <Project Path="SolveTask3/SolveTask3.csproj" />
  <Project Path="Task1Solution/Task1Solution.csproj" Id="c5b4f6af-82c9-4eb3-b89d-d5878f74b690" />
  <Project Path="Task4Solution/Task4Solution.csproj" Id="1f44cd1e-ab79-48e9-a008-4870bcc72470" />
  <Project Path="Task5Solution/Task5Solution.csproj" Id="567bcd29-a355-4239-be71-7d4e1fafc160" />
  <Project Path="Task6Solution/Task6Solution.csproj" Id="0601c686-eb17-41e4-b2cb-d843ca720ba1" />
</Solution>
